
Microsoft Visual Studio Solution File, Format Version 12.00
# Visual Studio Version 17
VisualStudioVersion = 17.1.32328.378
MinimumVisualStudioVersion = 10.0.40219.1
Project("{FAE04EC0-301F-11D3-BF4B-00C04F79EFBC}") = "T12_1258122_CRPC", "T12_1258122_CRPC\T12_1258122_CRPC.csproj", "{32B0DB99-31D5-4CD4-850B-E2E559651764}"
EndProject
Global
	GlobalSection(SolutionConfigurationPlatforms) = preSolution
		Debug|Any CPU = Debug|Any CPU
		Release|Any CPU = Release|Any CPU
	EndGlobalSection
	GlobalSection(ProjectConfigurationPlatforms) = postSolution
		{32B0DB99-31D5-4CD4-850B-E2E559651764}.Debug|Any CPU.ActiveCfg = Debug|Any CPU
		{32B0DB99-31D5-4CD4-850B-E2E559651764}.Debug|Any CPU.Build.0 = Debug|Any CPU
		{32B0DB99-31D5-4CD4-850B-E2E559651764}.Release|Any CPU.ActiveCfg = Release|Any CPU
		{32B0DB99-31D5-4CD4-850B-E2E559651764}.Release|Any CPU.Build.0 = Release|Any CPU
	EndGlobalSection
	GlobalSection(SolutionProperties) = preSolution
		HideSolutionNode = FALSE
	EndGlobalSection
	GlobalSection(ExtensibilityGlobals) = postSolution
		SolutionGuid = {7973B1E4-8DA9-4540-ADB6-3EAD80EF9341}
	EndGlobalSection
EndGlobal
